Microsoft Visual Studio Solution File, Format Version 12.00
# Visual Studio Version 17
VisualStudioVersion = 17.5.2.0
MinimumVisualStudioVersion = 10.0.40219.1
Project("{FAE04EC0-301F-11D3-BF4B-00C04F79EFBC}") = "trainingapp", "trainingapp.csproj", "{B118E1BC-2732-A3D7-4492-7AA29AFDF0F5}"
EndProject
Global
	GlobalSection(SolutionConfigurationPlatforms) = preSolution
		Debug|Any CPU = Debug|Any CPU
		Release|Any CPU = Release|Any CPU
	EndGlobalSection
	GlobalSection(ProjectConfigurationPlatforms) = postSolution
		{B118E1BC-2732-A3D7-4492-7AA29AFDF0F5}.Debug|Any CPU.ActiveCfg = Debug|Any CPU
		{B118E1BC-2732-A3D7-4492-7AA29AFDF0F5}.Debug|Any CPU.Build.0 = Debug|Any CPU
		{B118E1BC-2732-A3D7-4492-7AA29AFDF0F5}.Release|Any CPU.ActiveCfg = Release|Any CPU
		{B118E1BC-2732-A3D7-4492-7AA29AFDF0F5}.Release|Any CPU.Build.0 = Release|Any CPU
	EndGlobalSection
	GlobalSection(SolutionProperties) = preSolution
		HideSolutionNode = FALSE
	EndGlobalSection
	GlobalSection(ExtensibilityGlobals) = postSolution
		SolutionGuid = {5DA1AE99-B55E-45A2-B713-6D6BF95FEC2A}
	EndGlobalSection
EndGlobal
