Microsoft Visual Studio Solution File, Format Version 12.00
# Visual Studio Version 17
VisualStudioVersion = 17.5.2.0
MinimumVisualStudioVersion = 10.0.40219.1
Project("{FAE04EC0-301F-11D3-BF4B-00C04F79EFBC}") = "LINQConcepts", "LINQConcepts.csproj", "{CBFCED30-5780-8774-87D8-2C637E27136A}"
EndProject
Global
	GlobalSection(SolutionConfigurationPlatforms) = preSolution
		Debug|Any CPU = Debug|Any CPU
		Release|Any CPU = Release|Any CPU
	EndGlobalSection
	GlobalSection(ProjectConfigurationPlatforms) = postSolution
		{CBFCED30-5780-8774-87D8-2C637E27136A}.Debug|Any CPU.ActiveCfg = Debug|Any CPU
		{CBFCED30-5780-8774-87D8-2C637E27136A}.Debug|Any CPU.Build.0 = Debug|Any CPU
		{CBFCED30-5780-8774-87D8-2C637E27136A}.Release|Any CPU.ActiveCfg = Release|Any CPU
		{CBFCED30-5780-8774-87D8-2C637E27136A}.Release|Any CPU.Build.0 = Release|Any CPU
	EndGlobalSection
	GlobalSection(SolutionProperties) = preSolution
		HideSolutionNode = FALSE
	EndGlobalSection
	GlobalSection(ExtensibilityGlobals) = postSolution
		SolutionGuid = {1CE15E5D-2889-4FC6-8D76-88E4DC1710AE}
	EndGlobalSection
EndGlobal
