Microsoft Visual Studio Solution File, Format Version 12.00
# Visual Studio Version 17
VisualStudioVersion = 17.5.2.0
MinimumVisualStudioVersion = 10.0.40219.1
Project("{FAE04EC0-301F-11D3-BF4B-00C04F79EFBC}") = "ExceptionApp", "ExceptionApp.csproj", "{F85CF20C-B933-7830-6BF1-41A511C86D63}"
EndProject
Global
	GlobalSection(SolutionConfigurationPlatforms) = preSolution
		Debug|Any CPU = Debug|Any CPU
		Release|Any CPU = Release|Any CPU
	EndGlobalSection
	GlobalSection(ProjectConfigurationPlatforms) = postSolution
		{F85CF20C-B933-7830-6BF1-41A511C86D63}.Debug|Any CPU.ActiveCfg = Debug|Any CPU
		{F85CF20C-B933-7830-6BF1-41A511C86D63}.Debug|Any CPU.Build.0 = Debug|Any CPU
		{F85CF20C-B933-7830-6BF1-41A511C86D63}.Release|Any CPU.ActiveCfg = Release|Any CPU
		{F85CF20C-B933-7830-6BF1-41A511C86D63}.Release|Any CPU.Build.0 = Release|Any CPU
	EndGlobalSection
	GlobalSection(SolutionProperties) = preSolution
		HideSolutionNode = FALSE
	EndGlobalSection
	GlobalSection(ExtensibilityGlobals) = postSolution
		SolutionGuid = {ABFE7A8A-23B9-4BD3-A42C-EDA8F7BB5F7F}
	EndGlobalSection
EndGlobal
